
Microsoft Visual Studio Solution File, Format Version 12.00
# Visual Studio 15
VisualStudioVersion = 15.0.28307.779
MinimumVisualStudioVersion = 10.0.40219.1
Project("{FAE04EC0-301F-11D3-BF4B-00C04F79EFBC}") = "OndoLinyiApi", "OndoLinyiApi\OndoLinyiApi.csproj", "{4C21F0C5-7D78-4CBE-A30A-352410DE9E55}"
EndProject
Global
	GlobalSection(SolutionConfigurationPlatforms) = preSolution
		Debug|Any CPU = Debug|Any CPU
		Release|Any CPU = Release|Any CPU
	EndGlobalSection
	GlobalSection(ProjectConfigurationPlatforms) = postSolution
		{4C21F0C5-7D78-4CBE-A30A-352410DE9E55}.Debug|Any CPU.ActiveCfg = Debug|Any CPU
		{4C21F0C5-7D78-4CBE-A30A-352410DE9E55}.Debug|Any CPU.Build.0 = Debug|Any CPU
		{4C21F0C5-7D78-4CBE-A30A-352410DE9E55}.Release|Any CPU.ActiveCfg = Release|Any CPU
		{4C21F0C5-7D78-4CBE-A30A-352410DE9E55}.Release|Any CPU.Build.0 = Release|Any CPU
	EndGlobalSection
	GlobalSection(SolutionProperties) = preSolution
		HideSolutionNode = FALSE
	EndGlobalSection
	GlobalSection(ExtensibilityGlobals) = postSolution
		SolutionGuid = {2EBA35FC-D6D1-4051-94BD-2C1DCB797091}
	EndGlobalSection
EndGlobal
